
Microsoft Visual Studio Solution File, Format Version 12.00
# Visual Studio 15
VisualStudioVersion = 15.0.28010.2048
MinimumVisualStudioVersion = 10.0.40219.1
Project("{FAE04EC0-301F-11D3-BF4B-00C04F79EFBC}") = "AlphaClient", "AlphaClient\AlphaClient.csproj", "{E21353FD-D47A-4EFD-8159-7893DFBD7962}"
EndProject
Project("{FAE04EC0-301F-11D3-BF4B-00C04F79EFBC}") = "Contracts", "Contracts\Contracts.csproj", "{B38B6499-C57F-460F-9118-66D1AA74B9D3}"
EndProject
Project("{FAE04EC0-301F-11D3-BF4B-00C04F79EFBC}") = "Services", "Services\Services.csproj", "{9D523212-1CBD-4EF4-855B-6917072A623A}"
EndProject
Project("{FAE04EC0-301F-11D3-BF4B-00C04F79EFBC}") = "Domain", "Domain\Domain.csproj", "{2C4B9F1E-876E-4FDB-A6B4-48AE23193991}"
EndProject
Global
	GlobalSection(SolutionConfigurationPlatforms) = preSolution
		Debug|Any CPU = Debug|Any CPU
		Release|Any CPU = Release|Any CPU
	EndGlobalSection
	GlobalSection(ProjectConfigurationPlatforms) = postSolution
		{E21353FD-D47A-4EFD-8159-7893DFBD7962}.Debug|Any CPU.ActiveCfg = Debug|Any CPU
		{E21353FD-D47A-4EFD-8159-7893DFBD7962}.Debug|Any CPU.Build.0 = Debug|Any CPU
		{E21353FD-D47A-4EFD-8159-7893DFBD7962}.Release|Any CPU.ActiveCfg = Release|Any CPU
		{E21353FD-D47A-4EFD-8159-7893DFBD7962}.Release|Any CPU.Build.0 = Release|Any CPU
		{B38B6499-C57F-460F-9118-66D1AA74B9D3}.Debug|Any CPU.ActiveCfg = Debug|Any CPU
		{B38B6499-C57F-460F-9118-66D1AA74B9D3}.Debug|Any CPU.Build.0 = Debug|Any CPU
		{B38B6499-C57F-460F-9118-66D1AA74B9D3}.Release|Any CPU.ActiveCfg = Release|Any CPU
		{B38B6499-C57F-460F-9118-66D1AA74B9D3}.Release|Any CPU.Build.0 = Release|Any CPU
		{9D523212-1CBD-4EF4-855B-6917072A623A}.Debug|Any CPU.ActiveCfg = Debug|Any CPU
		{9D523212-1CBD-4EF4-855B-6917072A623A}.Debug|Any CPU.Build.0 = Debug|Any CPU
		{9D523212-1CBD-4EF4-855B-6917072A623A}.Release|Any CPU.ActiveCfg = Release|Any CPU
		{9D523212-1CBD-4EF4-855B-6917072A623A}.Release|Any CPU.Build.0 = Release|Any CPU
		{2C4B9F1E-876E-4FDB-A6B4-48AE23193991}.Debug|Any CPU.ActiveCfg = Debug|Any CPU
		{2C4B9F1E-876E-4FDB-A6B4-48AE23193991}.Debug|Any CPU.Build.0 = Debug|Any CPU
		{2C4B9F1E-876E-4FDB-A6B4-48AE23193991}.Release|Any CPU.ActiveCfg = Release|Any CPU
		{2C4B9F1E-876E-4FDB-A6B4-48AE23193991}.Release|Any CPU.Build.0 = Release|Any CPU
	EndGlobalSection
	GlobalSection(SolutionProperties) = preSolution
		HideSolutionNode = FALSE
	EndGlobalSection
	GlobalSection(ExtensibilityGlobals) = postSolution
		SolutionGuid = {5B1C2F3D-DE25-4370-AA0F-6F1C8BE30091}
	EndGlobalSection
EndGlobal
